
Microsoft Visual Studio Solution File, Format Version 12.00
# Visual Studio Version 17
VisualStudioVersion = 17.1.32421.90
MinimumVisualStudioVersion = 10.0.40219.1
Project("{8BC9CEB8-8B4A-11D0-8D11-00A0C91BC942}") = "Project4", "Project4\Project4.vcxproj", "{99046489-8384-481A-B87D-71BC8FB495A5}"
EndProject
Global
	GlobalSection(SolutionConfigurationPlatforms) = preSolution
		Debug|x64 = Debug|x64
		Debug|x86 = Debug|x86
		Release|x64 = Release|x64
		Release|x86 = Release|x86
	EndGlobalSection
	GlobalSection(ProjectConfigurationPlatforms) = postSolution
		{99046489-8384-481A-B87D-71BC8FB495A5}.Debug|x64.ActiveCfg = Debug|x64
		{99046489-8384-481A-B87D-71BC8FB495A5}.Debug|x64.Build.0 = Debug|x64
		{99046489-8384-481A-B87D-71BC8FB495A5}.Debug|x86.ActiveCfg = Debug|Win32
		{99046489-8384-481A-B87D-71BC8FB495A5}.Debug|x86.Build.0 = Debug|Win32
		{99046489-8384-481A-B87D-71BC8FB495A5}.Release|x64.ActiveCfg = Release|x64
		{99046489-8384-481A-B87D-71BC8FB495A5}.Release|x64.Build.0 = Release|x64
		{99046489-8384-481A-B87D-71BC8FB495A5}.Release|x86.ActiveCfg = Release|Win32
		{99046489-8384-481A-B87D-71BC8FB495A5}.Release|x86.Build.0 = Release|Win32
	EndGlobalSection
	GlobalSection(SolutionProperties) = preSolution
		HideSolutionNode = FALSE
	EndGlobalSection
	GlobalSection(ExtensibilityGlobals) = postSolution
		SolutionGuid = {0F683678-4403-40D7-811C-E4DAD0E7CDC5}
	EndGlobalSection
EndGlobal
